
Microsoft Visual Studio Solution File, Format Version 11.00
# Visual C++ Express 2010
Project("{8BC9CEB8-8B4A-11D0-8D11-00A0C91BC942}") = "SpheremapTool", "SpheremapTool.vcxproj", "{E29E2022-4E2D-4E0F-98CC-45DA271B7810}"
EndProject
Global
	GlobalSection(SolutionConfigurationPlatforms) = preSolution
		Debug|Win32 = Debug|Win32
		Release|Win32 = Release|Win32
	EndGlobalSection
	GlobalSection(ProjectConfigurationPlatforms) = postSolution
		{E29E2022-4E2D-4E0F-98CC-45DA271B7810}.Debug|Win32.ActiveCfg = Debug|Win32
		{E29E2022-4E2D-4E0F-98CC-45DA271B7810}.Debug|Win32.Build.0 = Debug|Win32
		{E29E2022-4E2D-4E0F-98CC-45DA271B7810}.Release|Win32.ActiveCfg = Release|Win32
		{E29E2022-4E2D-4E0F-98CC-45DA271B7810}.Release|Win32.Build.0 = Release|Win32
	EndGlobalSection
	GlobalSection(SolutionProperties) = preSolution
		HideSolutionNode = FALSE
	EndGlobalSection
EndGlobal
